// !$*UTF8*$!
{
	archiveVersion = 1;
	classes = {
	};
	objectVersion = 55;
	objects = {

/* Begin PBXBuildFile section */
		6EAA89B62A5356780047779C /* AppDelegate.swift in Sources */ = {isa = PBXBuildFile; fileRef = 6EAA89B52A5356780047779C /* AppDelegate.swift */; };
		6EAA89B82A5356780047779C /* SceneDelegate.swift in Sources */ = {isa = PBXBuildFile; fileRef = 6EAA89B72A5356780047779C /* SceneDelegate.swift */; };
		6EAA89BA2A5356780047779C /* ViewController.swift in Sources */ = {isa = PBXBuildFile; fileRef = 6EAA89B92A5356780047779C /* ViewController.swift */; };
		6EAA89BD2A5356780047779C /* Main.storyboard in Resources */ = {isa = PBXBuildFile; fileRef = 6EAA89BB2A5356780047779C /* Main.storyboard */; };
		6EAA89BF2A53567B0047779C /* Assets.xcassets in Resources */ = {isa = PBXBuildFile; fileRef = 6EAA89BE2A53567B0047779C /* Assets.xcassets */; };
		6EAA89C22A53567B0047779C /* LaunchScreen.storyboard in Resources */ = {isa = PBXBuildFile; fileRef = 6EAA89C02A53567B0047779C /* LaunchScreen.storyboard */; };
		6EAA89CD2A53567B0047779C /* My_own_recall_appTests.swift in Sources */ = {isa = PBXBuildFile; fileRef = 6EAA89CC2A53567B0047779C /* My_own_recall_appTests.swift */; };
		6EAA89D72A53567B0047779C /* My_own_recall_appUITests.swift in Sources */ = {isa = PBXBuildFile; fileRef = 6EAA89D62A53567B0047779C /* My_own_recall_appUITests.swift */; };
		6EAA89D92A53567B0047779C /* My_own_recall_appUITestsLaunchTests.swift in Sources */ = {isa = PBXBuildFile; fileRef = 6EAA89D82A53567B0047779C /* My_own_recall_appUITestsLaunchTests.swift */; };
/* End PBXBuildFile section */

/* Begin PBXContainerItemProxy section */
		6EAA89C92A53567B0047779C /* PBXContainerItemProxy */ = {
			isa = PBXContainerItemProxy;
			containerPortal = 6EAA89AA2A5356780047779C /* Project object */;
			proxyType = 1;
			remoteGlobalIDString = 6EAA89B12A5356780047779C;
			remoteInfo = "My own recall app";
		};
		6EAA89D32A53567B0047779C /* PBXContainerItemProxy */ = {
			isa = PBXContainerItemProxy;
			containerPortal = 6EAA89AA2A5356780047779C /* Project object */;
			proxyType = 1;
			remoteGlobalIDString = 6EAA89B12A5356780047779C;
			remoteInfo = "My own recall app";
		};
/* End PBXContainerItemProxy section */

/* Begin PBXFileReference section */
		6EAA89B22A5356780047779C /* My own recall app.app */ = {isa = PBXFileReference; explicitFileType = wrapper.application; includeInIndex = 0; path = "My own recall app.app"; sourceTree = BUILT_PRODUCTS_DIR; };
		6EAA89B52A5356780047779C /* AppDelegate.swift */ = {isa = PBXFileReference; lastKnownFileType = sourcecode.swift; path = AppDelegate.swift; sourceTree = "<group>"; };
		6EAA89B72A5356780047779C /* SceneDelegate.swift */ = {isa = PBXFileReference; lastKnownFileType = sourcecode.swift; path = SceneDelegate.swift; sourceTree = "<group>"; };
		6EAA89B92A5356780047779C /* ViewController.swift */ = {isa = PBXFileReference; lastKnownFileType = sourcecode.swift; path = ViewController.swift; sourceTree = "<group>"; };
		6EAA89BC2A5356780047779C /* Base */ = {isa = PBXFileReference; lastKnownFileType = file.storyboard; name = Base; path = Base.lproj/Main.storyboard; sourceTree = "<group>"; };
		6EAA89BE2A53567B0047779C /* Assets.xcassets */ = {isa = PBXFileReference; lastKnownFileType = folder.assetcatalog; path = Assets.xcassets; sourceTree = "<group>"; };
		6EAA89C12A53567B0047779C /* Base */ = {isa = PBXFileReference; lastKnownFileType = file.storyboard; name = Base; path = Base.lproj/LaunchScreen.storyboard; sourceTree = "<group>"; };
		6EAA89C32A53567B0047779C /* Info.plist */ = {isa = PBXFileReference; lastKnownFileType = text.plist.xml; path = Info.plist; sourceTree = "<group>"; };
		6EAA89C82A53567B0047779C /* My own recall appTests.xctest */ = {isa = PBXFileReference; explicitFileType = wrapper.cfbundle; includeInIndex = 0; path = "My own recall appTests.xctest"; sourceTree = BUILT_PRODUCTS_DIR; };
		6EAA89CC2A53567B0047779C /* My_own_recall_appTests.swift */ = {isa = PBXFileReference; lastKnownFileType = sourcecode.swift; path = My_own_recall_appTests.swift; sourceTree = "<group>"; };
		6EAA89D22A53567B0047779C /* My own recall appUITests.xctest */ = {isa = PBXFileReference; explicitFileType = wrapper.cfbundle; includeInIndex = 0; path = "My own recall appUITests.xctest"; sourceTree = BUILT_PRODUCTS_DIR; };
		6EAA89D62A53567B0047779C /* My_own_recall_appUITests.swift */ = {isa = PBXFileReference; lastKnownFileType = sourcecode.swift; path = My_own_recall_appUITests.swift; sourceTree = "<group>"; };
		6EAA89D82A53567B0047779C /* My_own_recall_appUITestsLaunchTests.swift */ = {isa = PBXFileReference; lastKnownFileType = sourcecode.swift; path = My_own_recall_appUITestsLaunchTests.swift; sourceTree = "<group>"; };
/* End PBXFileReference section */

/* Begin PBXFrameworksBuildPhase section */
		6EAA89AF2A5356780047779C /* Frameworks */ = {
			isa = PBXFrameworksBuildPhase;
			buildActionMask = 2147483647;
			files = (
			);
			runOnlyForDeploymentPostprocessing = 0;
		};
		6EAA89C52A53567B0047779C /* Frameworks */ = {
			isa = PBXFrameworksBuildPhase;
			buildActionMask = 2147483647;
			files = (
			);
			runOnlyForDeploymentPostprocessing = 0;
		};
		6EAA89CF2A53567B0047779C /* Frameworks */ = {
			isa = PBXFrameworksBuildPhase;
			buildActionMask = 2147483647;
			files = (
			);
			runOnlyForDeploymentPostprocessing = 0;
		};
/* End PBXFrameworksBuildPhase section */

/* Begin PBXGroup section */
		6EAA89A92A5356780047779C = {
			isa = PBXGroup;
			children = (
				6EAA89B42A5356780047779C /* My own recall app */,
				6EAA89CB2A53567B0047779C /* My own recall appTests */,
				6EAA89D52A53567B0047779C /* My own recall appUITests */,
				6EAA89B32A5356780047779C /* Products */,
			);
			sourceTree = "<group>";
		};
		6EAA89B32A5356780047779C /* Products */ = {
			isa = PBXGroup;
			children = (
				6EAA89B22A5356780047779C /* My own recall app.app */,
				6EAA89C82A53567B0047779C /* My own recall appTests.xctest */,
				6EAA89D22A53567B0047779C /* My own recall appUITests.xctest */,
			);
			name = Products;
			sourceTree = "<group>";
		};
		6EAA89B42A5356780047779C /* My own recall app */ = {
			isa = PBXGroup;
			children = (
				6EAA89B52A5356780047779C /* AppDelegate.swift */,
				6EAA89B72A5356780047779C /* SceneDelegate.swift */,
				6EAA89B92A5356780047779C /* ViewController.swift */,
				6EAA89BB2A5356780047779C /* Main.storyboard */,
				6EAA89BE2A53567B0047779C /* Assets.xcassets */,
				6EAA89C02A53567B0047779C /* LaunchScreen.storyboard */,
				6EAA89C32A53567B0047779C /* Info.plist */,
			);
			path = "My own recall app";
			sourceTree = "<group>";
		};
		6EAA89CB2A53567B0047779C /* My own recall appTests */ = {
			isa = PBXGroup;
			children = (
				6EAA89CC2A53567B0047779C /* My_own_recall_appTests.swift */,
			);
			path = "My own recall appTests";
			sourceTree = "<group>";
		};
		6EAA89D52A53567B0047779C /* My own recall appUITests */ = {
			isa = PBXGroup;
			children = (
				6EAA89D62A53567B0047779C /* My_own_recall_appUITests.swift */,
				6EAA89D82A53567B0047779C /* My_own_recall_appUITestsLaunchTests.swift */,
			);
			path = "My own recall appUITests";
			sourceTree = "<group>";
		};
/* End PBXGroup section */

/* Begin PBXNativeTarget section */
		6EAA89B12A5356780047779C /* My own recall app */ = {
			isa = PBXNativeTarget;
			buildConfigurationList = 6EAA89DC2A53567B0047779C /* Build configuration list for PBXNativeTarget "My own recall app" */;
			buildPhases = (
				6EAA89AE2A5356780047779C /* Sources */,
				6EAA89AF2A5356780047779C /* Frameworks */,
				6EAA89B02A5356780047779C /* Resources */,
			);
			buildRules = (
			);
			dependencies = (
			);
			name = "My own recall app";
			productName = "My own recall app";
			productReference = 6EAA89B22A5356780047779C /* My own recall app.app */;
			productType = "com.apple.product-type.application";
		};
		6EAA89C72A53567B0047779C /* My own recall appTests */ = {
			isa = PBXNativeTarget;
			buildConfigurationList = 6EAA89DF2A53567B0047779C /* Build configuration list for PBXNativeTarget "My own recall appTests" */;
			buildPhases = (
				6EAA89C42A53567B0047779C /* Sources */,
				6EAA89C52A53567B0047779C /* Frameworks */,
				6EAA89C62A53567B0047779C /* Resources */,
			);
			buildRules = (
			);
			dependencies = (
				6EAA89CA2A53567B0047779C /* PBXTargetDependency */,
			);
			name = "My own recall appTests";
			productName = "My own recall appTests";
			productReference = 6EAA89C82A53567B0047779C /* My own recall appTests.xctest */;
			productType = "com.apple.product-type.bundle.unit-test";
		};
		6EAA89D12A53567B0047779C /* My own recall appUITests */ = {
			isa = PBXNativeTarget;
			buildConfigurationList = 6EAA89E22A53567B0047779C /* Build configuration list for PBXNativeTarget "My own recall appUITests" */;
			buildPhases = (
				6EAA89CE2A53567B0047779C /* Sources */,
				6EAA89CF2A53567B0047779C /* Frameworks */,
				6EAA89D02A53567B0047779C /* Resources */,
			);
			buildRules = (
			);
			dependencies = (
				6EAA89D42A53567B0047779C /* PBXTargetDependency */,
			);
			name = "My own recall appUITests";
			productName = "My own recall appUITests";
			productReference = 6EAA89D22A53567B0047779C /* My own recall appUITests.xctest */;
			productType = "com.apple.product-type.bundle.ui-testing";
		};
/* End PBXNativeTarget section */

/* Begin PBXProject section */
		6EAA89AA2A5356780047779C /* Project object */ = {
			isa = PBXProject;
			attributes = {
				BuildIndependentTargetsInParallel = 1;
				LastSwiftUpdateCheck = 1340;
				LastUpgradeCheck = 1340;
				TargetAttributes = {
					6EAA89B12A5356780047779C = {
						CreatedOnToolsVersion = 13.4.1;
					};
					6EAA89C72A53567B0047779C = {
						CreatedOnToolsVersion = 13.4.1;
						TestTargetID = 6EAA89B12A5356780047779C;
					};
					6EAA89D12A53567B0047779C = {
						CreatedOnToolsVersion = 13.4.1;
						TestTargetID = 6EAA89B12A5356780047779C;
					};
				};
			};
			buildConfigurationList = 6EAA89AD2A5356780047779C /* Build configuration list for PBXProject "My own recall app" */;
			compatibilityVersion = "Xcode 13.0";
			developmentRegion = en;
			hasScannedForEncodings = 0;
			knownRegions = (
				en,
				Base,
			);
			mainGroup = 6EAA89A92A5356780047779C;
			productRefGroup = 6EAA89B32A5356780047779C /* Products */;
			projectDirPath = "";
			projectRoot = "";
			targets = (
				6EAA89B12A5356780047779C /* My own recall app */,
				6EAA89C72A53567B0047779C /* My own recall appTests */,
				6EAA89D12A53567B0047779C /* My own recall appUITests */,
			);
		};
/* End PBXProject section */

/* Begin PBXResourcesBuildPhase section */
		6EAA89B02A5356780047779C /* Resources */ = {
			isa = PBXResourcesBuildPhase;
			buildActionMask = 2147483647;
			files = (
				6EAA89C22A53567B0047779C /* LaunchScreen.storyboard in Resources */,
				6EAA89BF2A53567B0047779C /* Assets.xcassets in Resources */,
				6EAA89BD2A5356780047779C /* Main.storyboard in Resources */,
			);
			runOnlyForDeploymentPostprocessing = 0;
		};
		6EAA89C62A53567B0047779C /* Resources */ = {
			isa = PBXResourcesBuildPhase;
			buildActionMask = 2147483647;
			files = (
			);
			runOnlyForDeploymentPostprocessing = 0;
		};
		6EAA89D02A53567B0047779C /* Resources */ = {
			isa = PBXResourcesBuildPhase;
			buildActionMask = 2147483647;
			files = (
			);
			runOnlyForDeploymentPostprocessing = 0;
		};
/* End PBXResourcesBuildPhase section */

/* Begin PBXSourcesBuildPhase section */
		6EAA89AE2A5356780047779C /* Sources */ = {
			isa = PBXSourcesBuildPhase;
			buildActionMask = 2147483647;
			files = (
				6EAA89BA2A5356780047779C /* ViewController.swift in Sources */,
				6EAA89B62A5356780047779C /* AppDelegate.swift in Sources */,
				6EAA89B82A5356780047779C /* SceneDelegate.swift in Sources */,
			);
			runOnlyForDeploymentPostprocessing = 0;
		};
		6EAA89C42A53567B0047779C /* Sources */ = {
			isa = PBXSourcesBuildPhase;
			buildActionMask = 2147483647;
			files = (
				6EAA89CD2A53567B0047779C /* My_own_recall_appTests.swift in Sources */,
			);
			runOnlyForDeploymentPostprocessing = 0;
		};
		6EAA89CE2A53567B0047779C /* Sources */ = {
			isa = PBXSourcesBuildPhase;
			buildActionMask = 2147483647;
			files = (
				6EAA89D92A53567B0047779C /* My_own_recall_appUITestsLaunchTests.swift in Sources */,
				6EAA89D72A53567B0047779C /* My_own_recall_appUITests.swift in Sources */,
			);
			runOnlyForDeploymentPostprocessing = 0;
		};
/* End PBXSourcesBuildPhase section */

/* Begin PBXTargetDependency section */
		6EAA89CA2A53567B0047779C /* PBXTargetDependency */ = {
			isa = PBXTargetDependency;
			target = 6EAA89B12A5356780047779C /* My own recall app */;
			targetProxy = 6EAA89C92A53567B0047779C /* PBXContainerItemProxy */;
		};
		6EAA89D42A53567B0047779C /* PBXTargetDependency */ = {
			isa = PBXTargetDependency;
			target = 6EAA89B12A5356780047779C /* My own recall app */;
			targetProxy = 6EAA89D32A53567B0047779C /* PBXContainerItemProxy */;
		};
/* End PBXTargetDependency section */

/* Begin PBXVariantGroup section */
		6EAA89BB2A5356780047779C /* Main.storyboard */ = {
			isa = PBXVariantGroup;
			children = (
				6EAA89BC2A5356780047779C /* Base */,
			);
			name = Main.storyboard;
			sourceTree = "<group>";
		};
		6EAA89C02A53567B0047779C /* LaunchScreen.storyboard */ = {
			isa = PBXVariantGroup;
			children = (
				6EAA89C12A53567B0047779C /* Base */,
			);
			name = LaunchScreen.storyboard;
			sourceTree = "<group>";
		};
/* End PBXVariantGroup section */

/* Begin XCBuildConfiguration section */
		6EAA89DA2A53567B0047779C /* Debug */ = {
			isa = XCBuildConfiguration;
			buildSettings = {
				ALWAYS_SEARCH_USER_PATHS = NO;
				CLANG_ANALYZER_NONNULL = YES;
				CLANG_ANALYZER_NUMBER_OBJECT_CONVERSION = YES_AGGRESSIVE;
				CLANG_CXX_LANGUAGE_STANDARD = "gnu++17";
				CLANG_ENABLE_MODULES = YES;
				CLANG_ENABLE_OBJC_ARC = YES;
				CLANG_ENABLE_OBJC_WEAK = YES;
				CLANG_WARN_BLOCK_CAPTURE_AUTORELEASING = YES;
				CLANG_WARN_BOOL_CONVERSION = YES;
				CLANG_WARN_COMMA = YES;
				CLANG_WARN_CONSTANT_CONVERSION = YES;
				CLANG_WARN_DEPRECATED_OBJC_IMPLEMENTATIONS = YES;
				CLANG_WARN_DIRECT_OBJC_ISA_USAGE = YES_ERROR;
				CLANG_WARN_DOCUMENTATION_COMMENTS = YES;
				CLANG_WARN_EMPTY_BODY = YES;
				CLANG_WARN_ENUM_CONVERSION = YES;
				CLANG_WARN_INFINITE_RECURSION = YES;
				CLANG_WARN_INT_CONVERSION = YES;
				CLANG_WARN_NON_LITERAL_NULL_CONVERSION = YES;
				CLANG_WARN_OBJC_IMPLICIT_RETAIN_SELF = YES;
				CLANG_WARN_OBJC_LITERAL_CONVERSION = YES;
				CLANG_WARN_OBJC_ROOT_CLASS = YES_ERROR;
				CLANG_WARN_QUOTED_INCLUDE_IN_FRAMEWORK_HEADER = YES;
				CLANG_WARN_RANGE_LOOP_ANALYSIS = YES;
				CLANG_WARN_STRICT_PROTOTYPES = YES;
				CLANG_WARN_SUSPICIOUS_MOVE = YES;
				CLANG_WARN_UNGUARDED_AVAILABILITY = YES_AGGRESSIVE;
				CLANG_WARN_UNREACHABLE_CODE = YES;
				CLANG_WARN__DUPLICATE_METHOD_MATCH = YES;
				COPY_PHASE_STRIP = NO;
				DEBUG_INFORMATION_FORMAT = dwarf;
				ENABLE_STRICT_OBJC_MSGSEND = YES;
				ENABLE_TESTABILITY = YES;
				GCC_C_LANGUAGE_STANDARD = gnu11;
				GCC_DYNAMIC_NO_PIC = NO;
				GCC_NO_COMMON_BLOCKS = YES;
				GCC_OPTIMIZATION_LEVEL = 0;
				GCC_PREPROCESSOR_DEFINITIONS = (
					"DEBUG=1",
					"$(inherited)",
				);
				GCC_WARN_64_TO_32_BIT_CONVERSION = YES;
				GCC_WARN_ABOUT_RETURN_TYPE = YES_ERROR;
				GCC_WARN_UNDECLARED_SELECTOR = YES;
				GCC_WARN_UNINITIALIZED_AUTOS = YES_AGGRESSIVE;
				GCC_WARN_UNUSED_FUNCTION = YES;
				GCC_WARN_UNUSED_VARIABLE = YES;
				IPHONEOS_DEPLOYMENT_TARGET = 15.5;
				MTL_ENABLE_DEBUG_INFO = INCLUDE_SOURCE;
				MTL_FAST_MATH = YES;
				ONLY_ACTIVE_ARCH = YES;
				SDKROOT = iphoneos;
				SWIFT_ACTIVE_COMPILATION_CONDITIONS = DEBUG;
				SWIFT_OPTIMIZATION_LEVEL = "-Onone";
			};
			name = Debug;
		};
		6EAA89DB2A53567B0047779C /* Release */ = {
			isa = XCBuildConfiguration;
			buildSettings = {
				ALWAYS_SEARCH_USER_PATHS = NO;
				CLANG_ANALYZER_NONNULL = YES;
				CLANG_ANALYZER_NUMBER_OBJECT_CONVERSION = YES_AGGRESSIVE;
				CLANG_CXX_LANGUAGE_STANDARD = "gnu++17";
				CLANG_ENABLE_MODULES = YES;
				CLANG_ENABLE_OBJC_ARC = YES;
				CLANG_ENABLE_OBJC_WEAK = YES;
				CLANG_WARN_BLOCK_CAPTURE_AUTORELEASING = YES;
				CLANG_WARN_BOOL_CONVERSION = YES;
				CLANG_WARN_COMMA = YES;
				CLANG_WARN_CONSTANT_CONVERSION = YES;
				CLANG_WARN_DEPRECATED_OBJC_IMPLEMENTATIONS = YES;
				CLANG_WARN_DIRECT_OBJC_ISA_USAGE = YES_ERROR;
				CLANG_WARN_DOCUMENTATION_COMMENTS = YES;
				CLANG_WARN_EMPTY_BODY = YES;
				CLANG_WARN_ENUM_CONVERSION = YES;
				CLANG_WARN_INFINITE_RECURSION = YES;
				CLANG_WARN_INT_CONVERSION = YES;
				CLANG_WARN_NON_LITERAL_NULL_CONVERSION = YES;
				CLANG_WARN_OBJC_IMPLICIT_RETAIN_SELF = YES;
				CLANG_WARN_OBJC_LITERAL_CONVERSION = YES;
				CLANG_WARN_OBJC_ROOT_CLASS = YES_ERROR;
				CLANG_WARN_QUOTED_INCLUDE_IN_FRAMEWORK_HEADER = YES;
				CLANG_WARN_RANGE_LOOP_ANALYSIS = YES;
				CLANG_WARN_STRICT_PROTOTYPES = YES;
				CLANG_WARN_SUSPICIOUS_MOVE = YES;
				CLANG_WARN_UNGUARDED_AVAILABILITY = YES_AGGRESSIVE;
				CLANG_WARN_UNREACHABLE_CODE = YES;
				CLANG_WARN__DUPLICATE_METHOD_MATCH = YES;
				COPY_PHASE_STRIP = NO;
				DEBUG_INFORMATION_FORMAT = "dwarf-with-dsym";
				ENABLE_NS_ASSERTIONS = NO;
				ENABLE_STRICT_OBJC_MSGSEND = YES;
				GCC_C_LANGUAGE_STANDARD = gnu11;
				GCC_NO_COMMON_BLOCKS = YES;
				GCC_WARN_64_TO_32_BIT_CONVERSION = YES;
				GCC_WARN_ABOUT_RETURN_TYPE = YES_ERROR;
				GCC_WARN_UNDECLARED_SELECTOR = YES;
				GCC_WARN_UNINITIALIZED_AUTOS = YES_AGGRESSIVE;
				GCC_WARN_UNUSED_FUNCTION = YES;
				GCC_WARN_UNUSED_VARIABLE = YES;
				IPHONEOS_DEPLOYMENT_TARGET = 15.5;
				MTL_ENABLE_DEBUG_INFO = NO;
				MTL_FAST_MATH = YES;
				SDKROOT = iphoneos;
				SWIFT_COMPILATION_MODE = wholemodule;
				SWIFT_OPTIMIZATION_LEVEL = "-O";
				VALIDATE_PRODUCT = YES;
			};
			name = Release;
		};
		6EAA89DD2A53567B0047779C /* Debug */ = {
			isa = XCBuildConfiguration;
			buildSettings = {
				ASSETCATALOG_COMPILER_APPICON_NAME = AppIcon;
				ASSETCATALOG_COMPILER_GLOBAL_ACCENT_COLOR_NAME = AccentColor;
				CODE_SIGN_STYLE = Automatic;
				CURRENT_PROJECT_VERSION = 1;
				GENERATE_INFOPLIST_FILE = YES;
				INFOPLIST_FILE = "My own recall app/Info.plist";
				INFOPLIST_KEY_UIApplicationSupportsIndirectInputEvents = YES;
				INFOPLIST_KEY_UILaunchStoryboardName = LaunchScreen;
				INFOPLIST_KEY_UIMainStoryboardFile = Main;
				INFOPLIST_KEY_UISupportedInterfaceOrientations_iPad = "UIInterfaceOrientationPortrait UIInterfaceOrientationPortraitUpsideDown UIInterfaceOrientationLandscapeLeft UIInterfaceOrientationLandscapeRight";
				INFOPLIST_KEY_UISupportedInterfaceOrientations_iPhone = "UIInterfaceOrientationPortrait UIInterfaceOrientationLandscapeLeft UIInterfaceOrientationLandscapeRight";
				LD_RUNPATH_SEARCH_PATHS = (
					"$(inherited)",
					"@executable_path/Frameworks",
				);
				MARKETING_VERSION = 1.0;
				PRODUCT_BUNDLE_IDENTIFIER = "none.My-own-recall-app";
				PRODUCT_NAME = "$(TARGET_NAME)";
				SWIFT_EMIT_LOC_STRINGS = YES;
				SWIFT_VERSION = 5.0;
				TARGETED_DEVICE_FAMILY = "1,2";
			};
			name = Debug;
		};
		6EAA89DE2A53567B0047779C /* Release */ = {
			isa = XCBuildConfiguration;
			buildSettings = {
				ASSETCATALOG_COMPILER_APPICON_NAME = AppIcon;
				ASSETCATALOG_COMPILER_GLOBAL_ACCENT_COLOR_NAME = AccentColor;
				CODE_SIGN_STYLE = Automatic;
				CURRENT_PROJECT_VERSION = 1;
				GENERATE_INFOPLIST_FILE = YES;
				INFOPLIST_FILE = "My own recall app/Info.plist";
				INFOPLIST_KEY_UIApplicationSupportsIndirectInputEvents = YES;
				INFOPLIST_KEY_UILaunchStoryboardName = LaunchScreen;
				INFOPLIST_KEY_UIMainStoryboardFile = Main;
				INFOPLIST_KEY_UISupportedInterfaceOrientations_iPad = "UIInterfaceOrientationPortrait UIInterfaceOrientationPortraitUpsideDown UIInterfaceOrientationLandscapeLeft UIInterfaceOrientationLandscapeRight";
				INFOPLIST_KEY_UISupportedInterfaceOrientations_iPhone = "UIInterfaceOrientationPortrait UIInterfaceOrientationLandscapeLeft UIInterfaceOrientationLandscapeRight";
				LD_RUNPATH_SEARCH_PATHS = (
					"$(inherited)",
					"@executable_path/Frameworks",
				);
				MARKETING_VERSION = 1.0;
				PRODUCT_BUNDLE_IDENTIFIER = "none.My-own-recall-app";
				PRODUCT_NAME = "$(TARGET_NAME)";
				SWIFT_EMIT_LOC_STRINGS = YES;
				SWIFT_VERSION = 5.0;
				TARGETED_DEVICE_FAMILY = "1,2";
			};
			name = Release;
		};
		6EAA89E02A53567B0047779C /* Debug */ = {
			isa = XCBuildConfiguration;
			buildSettings = {
				ALWAYS_EMBED_SWIFT_STANDARD_LIBRARIES = YES;
				BUNDLE_LOADER = "$(TEST_HOST)";
				CODE_SIGN_STYLE = Automatic;
				CURRENT_PROJECT_VERSION = 1;
				GENERATE_INFOPLIST_FILE = YES;
				IPHONEOS_DEPLOYMENT_TARGET = 15.5;
				MARKETING_VERSION = 1.0;
				PRODUCT_BUNDLE_IDENTIFIER = "none.My-own-recall-appTests";
				PRODUCT_NAME = "$(TARGET_NAME)";
				SWIFT_EMIT_LOC_STRINGS = NO;
				SWIFT_VERSION = 5.0;
				TARGETED_DEVICE_FAMILY = "1,2";
				TEST_HOST = "$(BUILT_PRODUCTS_DIR)/My own recall app.app/My own recall app";
			};
			name = Debug;
		};
		6EAA89E12A53567B0047779C /* Release */ = {
			isa = XCBuildConfiguration;
			buildSettings = {
				ALWAYS_EMBED_SWIFT_STANDARD_LIBRARIES = YES;
				BUNDLE_LOADER = "$(TEST_HOST)";
				CODE_SIGN_STYLE = Automatic;
				CURRENT_PROJECT_VERSION = 1;
				GENERATE_INFOPLIST_FILE = YES;
				IPHONEOS_DEPLOYMENT_TARGET = 15.5;
				MARKETING_VERSION = 1.0;
				PRODUCT_BUNDLE_IDENTIFIER = "none.My-own-recall-appTests";
				PRODUCT_NAME = "$(TARGET_NAME)";
				SWIFT_EMIT_LOC_STRINGS = NO;
				SWIFT_VERSION = 5.0;
				TARGETED_DEVICE_FAMILY = "1,2";
				TEST_HOST = "$(BUILT_PRODUCTS_DIR)/My own recall app.app/My own recall app";
			};
			name = Release;
		};
		6EAA89E32A53567B0047779C /* Debug */ = {
			isa = XCBuildConfiguration;
			buildSettings = {
				ALWAYS_EMBED_SWIFT_STANDARD_LIBRARIES = YES;
				CODE_SIGN_STYLE = Automatic;
				CURRENT_PROJECT_VERSION = 1;
				GENERATE_INFOPLIST_FILE = YES;
				MARKETING_VERSION = 1.0;
				PRODUCT_BUNDLE_IDENTIFIER = "none.My-own-recall-appUITests";
				PRODUCT_NAME = "$(TARGET_NAME)";
				SWIFT_EMIT_LOC_STRINGS = NO;
				SWIFT_VERSION = 5.0;
				TARGETED_DEVICE_FAMILY = "1,2";
				TEST_TARGET_NAME = "My own recall app";
			};
			name = Debug;
		};
		6EAA89E42A53567B0047779C /* Release */ = {
			isa = XCBuildConfiguration;
			buildSettings = {
				ALWAYS_EMBED_SWIFT_STANDARD_LIBRARIES = YES;
				CODE_SIGN_STYLE = Automatic;
				CURRENT_PROJECT_VERSION = 1;
				GENERATE_INFOPLIST_FILE = YES;
				MARKETING_VERSION = 1.0;
				PRODUCT_BUNDLE_IDENTIFIER = "none.My-own-recall-appUITests";
				PRODUCT_NAME = "$(TARGET_NAME)";
				SWIFT_EMIT_LOC_STRINGS = NO;
				SWIFT_VERSION = 5.0;
				TARGETED_DEVICE_FAMILY = "1,2";
				TEST_TARGET_NAME = "My own recall app";
			};
			name = Release;
		};
/* End XCBuildConfiguration section */

/* Begin XCConfigurationList section */
		6EAA89AD2A5356780047779C /* Build configuration list for PBXProject "My own recall app" */ = {
			isa = XCConfigurationList;
			buildConfigurations = (
				6EAA89DA2A53567B0047779C /* Debug */,
				6EAA89DB2A53567B0047779C /* Release */,
			);
			defaultConfigurationIsVisible = 0;
			defaultConfigurationName = Release;
		};
		6EAA89DC2A53567B0047779C /* Build configuration list for PBXNativeTarget "My own recall app" */ = {
			isa = XCConfigurationList;
			buildConfigurations = (
				6EAA89DD2A53567B0047779C /* Debug */,
				6EAA89DE2A53567B0047779C /* Release */,
			);
			defaultConfigurationIsVisible = 0;
			defaultConfigurationName = Release;
		};
		6EAA89DF2A53567B0047779C /* Build configuration list for PBXNativeTarget "My own recall appTests" */ = {
			isa = XCConfigurationList;
			buildConfigurations = (
				6EAA89E02A53567B0047779C /* Debug */,
				6EAA89E12A53567B0047779C /* Release */,
			);
			defaultConfigurationIsVisible = 0;
			defaultConfigurationName = Release;
		};
		6EAA89E22A53567B0047779C /* Build configuration list for PBXNativeTarget "My own recall appUITests" */ = {
			isa = XCConfigurationList;
			buildConfigurations = (
				6EAA89E32A53567B0047779C /* Debug */,
				6EAA89E42A53567B0047779C /* Release */,
			);
			defaultConfigurationIsVisible = 0;
			defaultConfigurationName = Release;
		};
/* End XCConfigurationList section */
	};
	rootObject = 6EAA89AA2A5356780047779C /* Project object */;
}
